
Microsoft Visual Studio Solution File, Format Version 12.00
# Visual Studio Version 17
VisualStudioVersion = 17.5.33627.172
MinimumVisualStudioVersion = 10.0.40219.1
Project("{FAE04EC0-301F-11D3-BF4B-00C04F79EFBC}") = "Empolyeewage", "Empolyeewage\Empolyeewage.csproj", "{214DCCF2-3EB0-4E6F-8EF4-85CC58410570}"
EndProject
Global
	GlobalSection(SolutionConfigurationPlatforms) = preSolution
		Debug|Any CPU = Debug|Any CPU
		Release|Any CPU = Release|Any CPU
	EndGlobalSection
	GlobalSection(ProjectConfigurationPlatforms) = postSolution
		{214DCCF2-3EB0-4E6F-8EF4-85CC58410570}.Debug|Any CPU.ActiveCfg = Debug|Any CPU
		{214DCCF2-3EB0-4E6F-8EF4-85CC58410570}.Debug|Any CPU.Build.0 = Debug|Any CPU
		{214DCCF2-3EB0-4E6F-8EF4-85CC58410570}.Release|Any CPU.ActiveCfg = Release|Any CPU
		{214DCCF2-3EB0-4E6F-8EF4-85CC58410570}.Release|Any CPU.Build.0 = Release|Any CPU
	EndGlobalSection
	GlobalSection(SolutionProperties) = preSolution
		HideSolutionNode = FALSE
	EndGlobalSection
	GlobalSection(ExtensibilityGlobals) = postSolution
		SolutionGuid = {36E9BBCD-F062-4CD7-8478-23BDE6C889D3}
	EndGlobalSection
EndGlobal
